
Microsoft Visual Studio Solution File, Format Version 12.00
# Visual Studio Version 16
VisualStudioVersion = 16.0.30104.148
MinimumVisualStudioVersion = 10.0.40219.1
Project("{FAE04EC0-301F-11D3-BF4B-00C04F79EFBC}") = "P EliteLogReader", "P EliteLogReader\P EliteLogReader.csproj", "{1587C485-1FAF-4828-9301-71AAE49ABB15}"
EndProject
Global
	GlobalSection(SolutionConfigurationPlatforms) = preSolution
		Debug|Any CPU = Debug|Any CPU
		Release|Any CPU = Release|Any CPU
	EndGlobalSection
	GlobalSection(ProjectConfigurationPlatforms) = postSolution
		{1587C485-1FAF-4828-9301-71AAE49ABB15}.Debug|Any CPU.ActiveCfg = Debug|Any CPU
		{1587C485-1FAF-4828-9301-71AAE49ABB15}.Debug|Any CPU.Build.0 = Debug|Any CPU
		{1587C485-1FAF-4828-9301-71AAE49ABB15}.Release|Any CPU.ActiveCfg = Release|Any CPU
		{1587C485-1FAF-4828-9301-71AAE49ABB15}.Release|Any CPU.Build.0 = Release|Any CPU
	EndGlobalSection
	GlobalSection(SolutionProperties) = preSolution
		HideSolutionNode = FALSE
	EndGlobalSection
	GlobalSection(ExtensibilityGlobals) = postSolution
		SolutionGuid = {91902E49-68E5-4CE7-84E1-71C371AE5E11}
	EndGlobalSection
EndGlobal
